
Microsoft Visual Studio Solution File, Format Version 12.00
# Visual Studio Version 17
VisualStudioVersion = 17.3.32825.248
MinimumVisualStudioVersion = 10.0.40219.1
Project("{FAE04EC0-301F-11D3-BF4B-00C04F79EFBC}") = "MVC practice", "MVC practice.csproj", "{A8E4D75C-0EAE-4F42-B0F2-74A9D888F31E}"
EndProject
Global
	GlobalSection(SolutionConfigurationPlatforms) = preSolution
		Debug|Any CPU = Debug|Any CPU
		Release|Any CPU = Release|Any CPU
	EndGlobalSection
	GlobalSection(ProjectConfigurationPlatforms) = postSolution
		{A8E4D75C-0EAE-4F42-B0F2-74A9D888F31E}.Debug|Any CPU.ActiveCfg = Debug|Any CPU
		{A8E4D75C-0EAE-4F42-B0F2-74A9D888F31E}.Debug|Any CPU.Build.0 = Debug|Any CPU
		{A8E4D75C-0EAE-4F42-B0F2-74A9D888F31E}.Release|Any CPU.ActiveCfg = Release|Any CPU
		{A8E4D75C-0EAE-4F42-B0F2-74A9D888F31E}.Release|Any CPU.Build.0 = Release|Any CPU
	EndGlobalSection
	GlobalSection(SolutionProperties) = preSolution
		HideSolutionNode = FALSE
	EndGlobalSection
	GlobalSection(ExtensibilityGlobals) = postSolution
		SolutionGuid = {D150BBFF-A0F7-438E-9856-13A103BF63AA}
	EndGlobalSection
EndGlobal
